Microsoft Visual Studio Solution File, Format Version 12.00
# Visual Studio Version 16
VisualStudioVersion = 16.0.28803.156
MinimumVisualStudioVersion = 10.0.40219.1
Project("{FAE04EC0-301F-11D3-BF4B-00C04F79EFBC}") = "ClassDijagram", "ClassDijagram.csproj", "{6116494D-5F55-482C-8760-296ABD47F5B2}"
EndProject
Global
	GlobalSection(SolutionConfigurationPlatforms) = preSolution
		Debug|Any CPU = Debug|Any CPU
		Release|Any CPU = Release|Any CPU
	EndGlobalSection
	GlobalSection(ProjectConfigurationPlatforms) = postSolution
		{6116494D-5F55-482C-8760-296ABD47F5B2}.Debug|Any CPU.ActiveCfg = Debug|Any CPU
		{6116494D-5F55-482C-8760-296ABD47F5B2}.Debug|Any CPU.Build.0 = Debug|Any CPU
		{6116494D-5F55-482C-8760-296ABD47F5B2}.Release|Any CPU.ActiveCfg = Release|Any CPU
		{6116494D-5F55-482C-8760-296ABD47F5B2}.Release|Any CPU.Build.0 = Release|Any CPU
	EndGlobalSection
	GlobalSection(SolutionProperties) = preSolution
		HideSolutionNode = FALSE
	EndGlobalSection
	GlobalSection(ExtensibilityGlobals) = postSolution
		SolutionGuid = {6CD2DE3E-D437-4A4D-BD55-377DA87250AF}
	EndGlobalSection
EndGlobal
